# THIS IS AN AUTOGENERATED FILE. DO NOT EDIT THIS FILE DIRECTLY.
# yarn lockfile v1


"@babel/runtime@^7.11.2", "@babel/runtime@^7.12.5", "@babel/runtime@^7.28.4", "@babel/runtime@^7.5.5":
  version "7.29.7"
  resolved "https://registry.npmjs.org/@babel/runtime/-/runtime-7.29.7.tgz"
  integrity sha512-Nq8OhGWiZIZGV6hLHoyAKLLcJihP/xFeBMGJoUrxTX2psI8dCifzLhZISFb+VWS3wFMRDmCGw5R+dOySCqPLhw==

"@esbuild/win32-x64@0.28.1":
  version "0.28.1"
  resolved "https://registry.npmjs.org/@esbuild/win32-x64/-/win32-x64-0.28.1.tgz"
  integrity sha512-bm4Mowrv+GXMlpWX++EcXw/iLyd1o3+bJkC2DkWXYVvgZCqD/bSj9ctZeAMC3cIxgjRVR2Dufaiu4YPxr5gW1A==

"@rollup/rollup-win32-x64-gnu@4.62.2":
  version "4.62.2"
  resolved "https://registry.npmjs.org/@rollup/rollup-win32-x64-gnu/-/rollup-win32-x64-gnu-4.62.2.tgz"
  integrity sha512-T6xr6ucWSFto+VGajA8YH26LdpHRuP4YLHEKAtCWvJDOlnmWcDZVCI2Jmjr+IFHDlt2zRaTAKE4tfjTaWLgJBg==

"@rollup/rollup-win32-x64-msvc@4.62.2":
  version "4.62.2"
  resolved "https://registry.npmjs.org/@rollup/rollup-win32-x64-msvc/-/rollup-win32-x64-msvc-4.62.2.tgz"
  integrity sha512-BfzEnDJOt9T8M989/lA37EcJgat01wLRnoi5dQf3QzOH7jzpqTAzdDbVfRljVr5r+jzKqpbHeyOfAaXxAd0PAA==

"@types/estree@1.0.9":
  version "1.0.9"
  resolved "https://registry.npmjs.org/@types/estree/-/estree-1.0.9.tgz"
  integrity sha512-GhdPgy1el4/ImP05X05Uw4cw2/M93BCUmnEvWZNStlCzEKME4Fkk+YpoA5OiHNQmoS7Cafb8Xa3Pya8m1Qrzeg==

"@types/node@^20.19.0 || >=22.12.0", "@types/node@^24.0.0":
  version "24.13.3"
  resolved "https://registry.npmjs.org/@types/node/-/node-24.13.3.tgz"
  integrity sha512-Dh8vAsV36ig5wa9OX4pXvMc9D3Veibfw2wix0CUwYODLD8nkj9UsLjASr49nPg+2eKzxhBV+v7L8pXvT4e639Q==
  dependencies:
    undici-types "~7.18.0"

"@videojs/http-streaming@^3.17.5":
  version "3.17.5"
  resolved "https://registry.npmjs.org/@videojs/http-streaming/-/http-streaming-3.17.5.tgz"
  integrity sha512-PRRQVu0hYW5h0XvRWpIyIpEatpMZzZtf7L1avV89Hnu+69f+0c7oLsSL9jwpg2nbvzGkdX5rQxQkz5Vc7tFR9w==
  dependencies:
    "@babel/runtime" "^7.12.5"
    "@videojs/vhs-utils" "^4.1.2"
    aes-decrypter "^4.0.2"
    global "^4.4.0"
    m3u8-parser "^7.2.0"
    mpd-parser "^1.4.0"
    mux.js "7.1.0"
    video.js "^7 || ^8"

"@videojs/vhs-utils@^4.1.1", "@videojs/vhs-utils@^4.1.2":
  version "4.1.2"
  resolved "https://registry.npmjs.org/@videojs/vhs-utils/-/vhs-utils-4.1.2.tgz"
  integrity sha512-1Dsv5dtWOq0LP1G37O46FQFA2tKAZON5UMe6dFPxT7JvPhEx8QIXcFQxan8+hHI3fX6aomFRFrUBJNgRYQDSXA==
  dependencies:
    "@babel/runtime" "^7.12.5"
    global "^4.4.0"

"@videojs/xhr@2.7.0":
  version "2.7.0"
  resolved "https://registry.npmjs.org/@videojs/xhr/-/xhr-2.7.0.tgz"
  integrity sha512-giab+EVRanChIupZK7gXjHy90y3nncA2phIOyG3Ne5fvpiMJzvqYwiTOnEVW2S4CoYcuKJkomat7bMXA/UoUZQ==
  dependencies:
    "@babel/runtime" "^7.5.5"
    global "~4.4.0"
    is-function "^1.0.1"

"@xmldom/xmldom@^0.8.3":
  version "0.8.13"
  resolved "https://registry.npmjs.org/@xmldom/xmldom/-/xmldom-0.8.13.tgz"
  integrity sha512-KRYzxepc14G/CEpEGc3Yn+JKaAeT63smlDr+vjB8jRfgTBBI9wRj/nkQEO+ucV8p8I9bfKLWp37uHgFrbntPvw==

aes-decrypter@^4.0.2:
  version "4.0.2"
  resolved "https://registry.npmjs.org/aes-decrypter/-/aes-decrypter-4.0.2.tgz"
  integrity sha512-lc+/9s6iJvuaRe5qDlMTpCFjnwpkeOXp8qP3oiZ5jsj1MRg+SBVUmmICrhxHvc8OELSmc+fEyyxAuppY6hrWzw==
  dependencies:
    "@babel/runtime" "^7.12.5"
    "@videojs/vhs-utils" "^4.1.1"
    global "^4.4.0"
    pkcs7 "^1.0.4"

balanced-match@^4.0.2:
  version "4.0.4"
  resolved "https://registry.npmjs.org/balanced-match/-/balanced-match-4.0.4.tgz"
  integrity sha512-BLrgEcRTwX2o6gGxGOCNyMvGSp35YofuYzw9h1IMTRmKqttAZZVU67bdb9Pr2vUHA8+j3i2tJfjO6C6+4myGTA==

brace-expansion@^5.0.5:
  version "5.0.7"
  resolved "https://registry.npmjs.org/brace-expansion/-/brace-expansion-5.0.7.tgz"
  integrity sha512-7oFy703dxfY3/NLxC1fh2SUCQ0H9rmAY+5EpDVfXjUTTs+HEwR2nYaqLv+GWcTsumwxPfiz6CzCNkwXwBUwqCA==
  dependencies:
    balanced-match "^4.0.2"

dom-walk@^0.1.0:
  version "0.1.2"
  resolved "https://registry.npmjs.org/dom-walk/-/dom-walk-0.1.2.tgz"
  integrity sha512-6QvTW9mrGeIegrFXdtQi9pk7O/nSK6lSdXW2eqUspN5LWD7UTji2Fqw5V2YLjBpHEoU9Xl/eUWNpDeZvoyOv2w==

"esbuild@^0.27.0 || ^0.28.0":
  version "0.28.1"
  resolved "https://registry.npmjs.org/esbuild/-/esbuild-0.28.1.tgz"
  integrity sha512-HrJrvZv5ayxBzPfwphOoNzkzOIIlifzk0KJrGK2c8R4+LKpMtpYLQeUdjnwjWv/LZlkH2laZk+4w78pi99D4Vw==
  optionalDependencies:
    "@esbuild/aix-ppc64" "0.28.1"
    "@esbuild/android-arm" "0.28.1"
    "@esbuild/android-arm64" "0.28.1"
    "@esbuild/android-x64" "0.28.1"
    "@esbuild/darwin-arm64" "0.28.1"
    "@esbuild/darwin-x64" "0.28.1"
    "@esbuild/freebsd-arm64" "0.28.1"
    "@esbuild/freebsd-x64" "0.28.1"
    "@esbuild/linux-arm" "0.28.1"
    "@esbuild/linux-arm64" "0.28.1"
    "@esbuild/linux-ia32" "0.28.1"
    "@esbuild/linux-loong64" "0.28.1"
    "@esbuild/linux-mips64el" "0.28.1"
    "@esbuild/linux-ppc64" "0.28.1"
    "@esbuild/linux-riscv64" "0.28.1"
    "@esbuild/linux-s390x" "0.28.1"
    "@esbuild/linux-x64" "0.28.1"
    "@esbuild/netbsd-arm64" "0.28.1"
    "@esbuild/netbsd-x64" "0.28.1"
    "@esbuild/openbsd-arm64" "0.28.1"
    "@esbuild/openbsd-x64" "0.28.1"
    "@esbuild/openharmony-arm64" "0.28.1"
    "@esbuild/sunos-x64" "0.28.1"
    "@esbuild/win32-arm64" "0.28.1"
    "@esbuild/win32-ia32" "0.28.1"
    "@esbuild/win32-x64" "0.28.1"

fdir@^6.5.0:
  version "6.5.0"
  resolved "https://registry.npmjs.org/fdir/-/fdir-6.5.0.tgz"
  integrity sha512-tIbYtZbucOs0BRGqPJkshJUYdL+SDH7dVM8gjy+ERp3WAUjLEFJE+02kanyHtwjWOnwrKYBiwAmM0p4kLJAnXg==

glob@^13.0.3:
  version "13.0.6"
  resolved "https://registry.npmjs.org/glob/-/glob-13.0.6.tgz"
  integrity sha512-Wjlyrolmm8uDpm/ogGyXZXb1Z+Ca2B8NbJwqBVg0axK9GbBeoS7yGV6vjXnYdGm6X53iehEuxxbyiKp8QmN4Vw==
  dependencies:
    minimatch "^10.2.2"
    minipass "^7.1.3"
    path-scurry "^2.0.2"

global@^4.3.1, global@^4.4.0, global@~4.4.0, global@4.4.0:
  version "4.4.0"
  resolved "https://registry.npmjs.org/global/-/global-4.4.0.tgz"
  integrity sha512-wv/LAoHdRE3BeTGz53FAamhGlPLhlssK45usmGFThIi4XqnBmjKQ16u+RNbP7WvigRZDxUsM0J3gcQ5yicaL0w==
  dependencies:
    min-document "^2.19.0"
    process "^0.11.10"

is-function@^1.0.1:
  version "1.0.2"
  resolved "https://registry.npmjs.org/is-function/-/is-function-1.0.2.tgz"
  integrity sha512-lw7DUp0aWXYg+CBCN+JKkcE0Q2RayZnSvnZBlwgxHBQhqt5pZNVy4Ri7H9GmmXkdu7LUthszM+Tor1u/2iBcpQ==

lru-cache@^11.0.0:
  version "11.5.2"
  resolved "https://registry.npmjs.org/lru-cache/-/lru-cache-11.5.2.tgz"
  integrity sha512-4pfM1Ff0x50o0tQwb5ucw/RzNyD0/YJME6IVcStalZuMWxdt3sR3huStTtxz4PUmvZfRguvDejasvQ2kifR11g==

m3u8-parser@^7.2.0:
  version "7.2.0"
  resolved "https://registry.npmjs.org/m3u8-parser/-/m3u8-parser-7.2.0.tgz"
  integrity sha512-CRatFqpjVtMiMaKXxNvuI3I++vUumIXVVT/JpCpdU/FynV/ceVw1qpPyyBNindL+JlPMSesx+WX1QJaZEJSaMQ==
  dependencies:
    "@babel/runtime" "^7.12.5"
    "@videojs/vhs-utils" "^4.1.1"
    global "^4.4.0"

min-document@^2.19.0:
  version "2.19.2"
  resolved "https://registry.npmjs.org/min-document/-/min-document-2.19.2.tgz"
  integrity sha512-8S5I8db/uZN8r9HSLFVWPdJCvYOejMcEC82VIzNUc6Zkklf/d1gg2psfE79/vyhWOj4+J8MtwmoOz3TmvaGu5A==
  dependencies:
    dom-walk "^0.1.0"

minimatch@^10.2.2:
  version "10.2.5"
  resolved "https://registry.npmjs.org/minimatch/-/minimatch-10.2.5.tgz"
  integrity sha512-MULkVLfKGYDFYejP07QOurDLLQpcjk7Fw+7jXS2R2czRQzR56yHRveU5NDJEOviH+hETZKSkIk5c+T23GjFUMg==
  dependencies:
    brace-expansion "^5.0.5"

minipass@^7.1.2, minipass@^7.1.3:
  version "7.1.3"
  resolved "https://registry.npmjs.org/minipass/-/minipass-7.1.3.tgz"
  integrity sha512-tEBHqDnIoM/1rXME1zgka9g6Q2lcoCkxHLuc7ODJ5BxbP5d4c2Z5cGgtXAku59200Cx7diuHTOYfSBD8n6mm8A==

mpd-parser@^1.4.0:
  version "1.4.0"
  resolved "https://registry.npmjs.org/mpd-parser/-/mpd-parser-1.4.0.tgz"
  integrity sha512-blbA7XpAaOdC/PR0Tu8GiUxlx6CpBuRowQPYV7lhi9Yr9G9+dkPXIUjqjzc/NCn/uZZPopluaJlIYntIEI/VLw==
  dependencies:
    "@babel/runtime" "^7.12.5"
    "@videojs/vhs-utils" "^4.1.2"
    "@xmldom/xmldom" "^0.8.3"
    global "^4.4.0"

mux.js@^7.0.1, mux.js@7.1.0:
  version "7.1.0"
  resolved "https://registry.npmjs.org/mux.js/-/mux.js-7.1.0.tgz"
  integrity sha512-NTxawK/BBELJrYsZThEulyUMDVlLizKdxyAsMuzoCD1eFj97BVaA8D/CvKsKu6FOLYkFojN5CbM9h++ZTZtknA==
  dependencies:
    "@babel/runtime" "^7.11.2"
    global "^4.4.0"

nanoid@^3.3.12:
  version "3.3.15"
  resolved "https://registry.npmjs.org/nanoid/-/nanoid-3.3.15.tgz"
  integrity sha512-y7Wygv/7mEOvxTuEQDB8StXdMRBWf1kR/tlhAzBRUFkB2jfcLOAxO/SHmOO2zgz1pVgK29/kyupn059/bCHdjA==

package-json-from-dist@^1.0.1:
  version "1.0.1"
  resolved "https://registry.npmjs.org/package-json-from-dist/-/package-json-from-dist-1.0.1.tgz"
  integrity sha512-UEZIS3/by4OC8vL3P2dTXRETpebLI2NiI5vIrjaD/5UtrkFX/tNbwjTSRAGC/+7CAo2pIcBaRgWmcBBHcsaCIw==

path-scurry@^2.0.2:
  version "2.0.2"
  resolved "https://registry.npmjs.org/path-scurry/-/path-scurry-2.0.2.tgz"
  integrity sha512-3O/iVVsJAPsOnpwWIeD+d6z/7PmqApyQePUtCndjatj/9I5LylHvt5qluFaBT3I5h3r1ejfR056c+FCv+NnNXg==
  dependencies:
    lru-cache "^11.0.0"
    minipass "^7.1.2"

picocolors@^1.1.1:
  version "1.1.1"
  resolved "https://registry.npmjs.org/picocolors/-/picocolors-1.1.1.tgz"
  integrity sha512-xceH2snhtb5M9liqDsmEw56le376mTZkEX/jEb/RxNFyegNul7eNslCXP9FDj/Lcu0X8KEyMceP2ntpaHrDEVA==

"picomatch@^3 || ^4", picomatch@^4.0.3, picomatch@^4.0.4:
  version "4.0.5"
  resolved "https://registry.npmjs.org/picomatch/-/picomatch-4.0.5.tgz"
  integrity sha512-RvwwcruNjI1ncT5xRakeyS9Lf8lcItv34KD+aif+VH9kduAyfYBipGh12274xtenIPZ119/R9BdTBa8gAwSh0A==

pkcs7@^1.0.4:
  version "1.0.4"
  resolved "https://registry.npmjs.org/pkcs7/-/pkcs7-1.0.4.tgz"
  integrity sha512-afRERtHn54AlwaF2/+LFszyAANTCggGilmcmILUzEjvs3XgFZT+xE6+QWQcAGmu4xajy+Xtj7acLOPdx5/eXWQ==
  dependencies:
    "@babel/runtime" "^7.5.5"

postcss@^8.5.6:
  version "8.5.16"
  resolved "https://registry.npmjs.org/postcss/-/postcss-8.5.16.tgz"
  integrity sha512-vuwillviilfKZsg0VGj5R/YwwcHx4SLsIOI/7K6mQkWx+l5cUHTjj5g0AasTBcyXsbfTgrwsUNmVUb5xVwyPwg==
  dependencies:
    nanoid "^3.3.12"
    picocolors "^1.1.1"
    source-map-js "^1.2.1"

process@^0.11.10:
  version "0.11.10"
  resolved "https://registry.npmjs.org/process/-/process-0.11.10.tgz"
  integrity sha512-cdGef/drWFoydD1JsMzuFf8100nZl+GT+yacc2bEced5f9Rjk4z+WtFUTBu9PhOi9j/jfmBPu0mMEY4wIdAF8A==

rimraf@^6.0.1:
  version "6.1.3"
  resolved "https://registry.npmjs.org/rimraf/-/rimraf-6.1.3.tgz"
  integrity sha512-LKg+Cr2ZF61fkcaK1UdkH2yEBBKnYjTyWzTJT6KNPcSPaiT7HSdhtMXQuN5wkTX0Xu72KQ1l8S42rlmexS2hSA==
  dependencies:
    glob "^13.0.3"
    package-json-from-dist "^1.0.1"

rollup@^4.43.0:
  version "4.62.2"
  resolved "https://registry.npmjs.org/rollup/-/rollup-4.62.2.tgz"
  integrity sha512-RFnrW4lhXA3s3eqHDZvN654g8OTjzRfqpIRJYczCGB6HzphckVAi/Qh4tbPUbRuDi7s1Llv8g/NspLkttY3gTA==
  dependencies:
    "@types/estree" "1.0.9"
  optionalDependencies:
    "@rollup/rollup-android-arm-eabi" "4.62.2"
    "@rollup/rollup-android-arm64" "4.62.2"
    "@rollup/rollup-darwin-arm64" "4.62.2"
    "@rollup/rollup-darwin-x64" "4.62.2"
    "@rollup/rollup-freebsd-arm64" "4.62.2"
    "@rollup/rollup-freebsd-x64" "4.62.2"
    "@rollup/rollup-linux-arm-gnueabihf" "4.62.2"
    "@rollup/rollup-linux-arm-musleabihf" "4.62.2"
    "@rollup/rollup-linux-arm64-gnu" "4.62.2"
    "@rollup/rollup-linux-arm64-musl" "4.62.2"
    "@rollup/rollup-linux-loong64-gnu" "4.62.2"
    "@rollup/rollup-linux-loong64-musl" "4.62.2"
    "@rollup/rollup-linux-ppc64-gnu" "4.62.2"
    "@rollup/rollup-linux-ppc64-musl" "4.62.2"
    "@rollup/rollup-linux-riscv64-gnu" "4.62.2"
    "@rollup/rollup-linux-riscv64-musl" "4.62.2"
    "@rollup/rollup-linux-s390x-gnu" "4.62.2"
    "@rollup/rollup-linux-x64-gnu" "4.62.2"
    "@rollup/rollup-linux-x64-musl" "4.62.2"
    "@rollup/rollup-openbsd-x64" "4.62.2"
    "@rollup/rollup-openharmony-arm64" "4.62.2"
    "@rollup/rollup-win32-arm64-msvc" "4.62.2"
    "@rollup/rollup-win32-ia32-msvc" "4.62.2"
    "@rollup/rollup-win32-x64-gnu" "4.62.2"
    "@rollup/rollup-win32-x64-msvc" "4.62.2"
    fsevents "~2.3.2"

source-map-js@^1.2.1:
  version "1.2.1"
  resolved "https://registry.npmjs.org/source-map-js/-/source-map-js-1.2.1.tgz"
  integrity sha512-UXWMKhLOwVKb728IUtQPXxfYU+usdybtUrK/8uGE8CQMvrhOpwvzDBwj0QhSL7MQc7vIsISBG8VQ8+IDQxpfQA==

tinyglobby@^0.2.15:
  version "0.2.17"
  resolved "https://registry.npmjs.org/tinyglobby/-/tinyglobby-0.2.17.tgz"
  integrity sha512-wXR/dYpcqKmfWpEdZjiKJOwCNFndD0DMnrW/cYjVGttEkBfVgcLFHoNrlj47mjOVic9yyNu65alsgF4NQyTa2g==
  dependencies:
    fdir "^6.5.0"
    picomatch "^4.0.4"

typescript@^5.8.3:
  version "5.9.3"
  resolved "https://registry.npmjs.org/typescript/-/typescript-5.9.3.tgz"
  integrity sha512-jl1vZzPDinLr9eUt3J/t7V6FgNEw9QjvBPdysz9KfQDD41fQrC2Y4vKQdiaUpFT4bXlb1RHhLpp8wtm6M5TgSw==

undici-types@~7.18.0:
  version "7.18.2"
  resolved "https://registry.npmjs.org/undici-types/-/undici-types-7.18.2.tgz"
  integrity sha512-AsuCzffGHJybSaRrmr5eHr81mwJU3kjw6M+uprWvCXiNeN9SOGwQ3Jn8jb8m3Z6izVgknn1R0FTCEAP2QrLY/w==

"video.js@^7 || ^8", video.js@^8, video.js@^8.23.4:
  version "8.23.9"
  resolved "https://registry.npmjs.org/video.js/-/video.js-8.23.9.tgz"
  integrity sha512-3UCqyFW4wIusQu4TuhgRUxqtbzbj0WPT9hps0XIEXST43QBD11zb+bG7tBPrinrZztwVYdXCiOBo2pcGj9L05w==
  dependencies:
    "@babel/runtime" "^7.28.4"
    "@videojs/http-streaming" "^3.17.5"
    "@videojs/vhs-utils" "^4.1.2"
    "@videojs/xhr" "2.7.0"
    aes-decrypter "^4.0.2"
    global "4.4.0"
    m3u8-parser "^7.2.0"
    mpd-parser "^1.4.0"
    mux.js "^7.0.1"
    videojs-contrib-quality-levels "4.1.0"
    videojs-font "4.2.0"
    videojs-vtt.js "0.15.5"

videojs-contrib-quality-levels@4.1.0:
  version "4.1.0"
  resolved "https://registry.npmjs.org/videojs-contrib-quality-levels/-/videojs-contrib-quality-levels-4.1.0.tgz"
  integrity sha512-TfrXJJg1Bv4t6TOCMEVMwF/CoS8iENYsWNKip8zfhB5kTcegiFYezEA0eHAJPU64ZC8NQbxQgOwAsYU8VXbOWA==
  dependencies:
    global "^4.4.0"

videojs-font@4.2.0:
  version "4.2.0"
  resolved "https://registry.npmjs.org/videojs-font/-/videojs-font-4.2.0.tgz"
  integrity sha512-YPq+wiKoGy2/M7ccjmlvwi58z2xsykkkfNMyIg4xb7EZQQNwB71hcSsB3o75CqQV7/y5lXkXhI/rsGAS7jfEmQ==

videojs-vtt.js@0.15.5:
  version "0.15.5"
  resolved "https://registry.npmjs.org/videojs-vtt.js/-/videojs-vtt.js-0.15.5.tgz"
  integrity sha512-yZbBxvA7QMYn15Lr/ZfhhLPrNpI/RmCSCqgIff57GC2gIrV5YfyzLfLyZMj0NnZSAz8syB4N0nHXpZg9MyrMOQ==
  dependencies:
    global "^4.3.1"

vite@^7.0.0:
  version "7.3.6"
  resolved "https://registry.npmjs.org/vite/-/vite-7.3.6.tgz"
  integrity sha512-4XP60spRGjSZFf1qYH+dJIkK2znL3zQfl9KkOV9MkkRR/3Dls0dxaBsQPTloEc5BLXWPL9vsOxopxyKoMmDueg==
  dependencies:
    esbuild "^0.27.0 || ^0.28.0"
    fdir "^6.5.0"
    picomatch "^4.0.3"
    postcss "^8.5.6"
    rollup "^4.43.0"
    tinyglobby "^0.2.15"
  optionalDependencies:
    fsevents "~2.3.3"
